
Microsoft Visual Studio Solution File, Format Version 12.00
# Visual Studio Version 16
VisualStudioVersion = 16.0.30413.136
MinimumVisualStudioVersion = 10.0.40219.1
Project("{FAE04EC0-301F-11D3-BF4B-00C04F79EFBC}") = "RMDataManager", "RMDataManager\RMDataManager.csproj", "{010321ED-04AF-4AEA-AEF3-1534D42B68BD}"
EndProject
Global
	GlobalSection(SolutionConfigurationPlatforms) = preSolution
		Debug|Any CPU = Debug|Any CPU
		Release|Any CPU = Release|Any CPU
	EndGlobalSection
	GlobalSection(ProjectConfigurationPlatforms) = postSolution
		{010321ED-04AF-4AEA-AEF3-1534D42B68BD}.Debug|Any CPU.ActiveCfg = Debug|Any CPU
		{010321ED-04AF-4AEA-AEF3-1534D42B68BD}.Debug|Any CPU.Build.0 = Debug|Any CPU
		{010321ED-04AF-4AEA-AEF3-1534D42B68BD}.Release|Any CPU.ActiveCfg = Release|Any CPU
		{010321ED-04AF-4AEA-AEF3-1534D42B68BD}.Release|Any CPU.Build.0 = Release|Any CPU
	EndGlobalSection
	GlobalSection(SolutionProperties) = preSolution
		HideSolutionNode = FALSE
	EndGlobalSection
	GlobalSection(ExtensibilityGlobals) = postSolution
		SolutionGuid = {2EC2C1CC-6824-409E-8D6D-414E32D71D21}
	EndGlobalSection
EndGlobal
